{
  "name": "gulu",
  "version": "0.0.1",
  "lockfileVersion": 1,
  "requires": true,
  "dependencies": {
    "vue": {
      "version": "2.6.11",
      "resolved": "https://registry.npm.taobao.org/vue/download/vue-2.6.11.tgz?cache=0&sync_timestamp=1582745937656&other_urls=https%3A%2F%2Fregistry.npm.taobao.org%2Fvue%2Fdownload%2Fvue-2.6.11.tgz",
      "integrity": "sha1-dllNh31LEiNEBuhONSdcbVFBJcU="
    },
    "vue-class-component": {
      "version": "7.2.3",
      "resolved": "https://registry.npm.taobao.org/vue-class-component/download/vue-class-component-7.2.3.tgz",
      "integrity": "sha1-pbGr1TUTpyrVEJh1Li3t1JmAfMo="
    },
    "vue-property-decorator": {
      "version": "8.4.0",
      "resolved": "https://registry.npm.taobao.org/vue-property-decorator/download/vue-property-decorator-8.4.0.tgz",
      "integrity": "sha1-9OZB+EylGntHIeI2OSoe+7bqwAs=",
      "requires": {
        "vue-class-component": "^7.1.0"
      }
    }
  }
}
